
Microsoft Visual Studio Solution File, Format Version 12.00
# Visual Studio 14
VisualStudioVersion = 14.0.25123.0
MinimumVisualStudioVersion = 10.0.40219.1
Project("{FAE04EC0-301F-11D3-BF4B-00C04F79EFBC}") = "CKGen", "CKGen\CKGen.csproj", "{82E6990C-4AA3-40E4-9F0D-41A929D9B357}"
EndProject
Project("{FAE04EC0-301F-11D3-BF4B-00C04F79EFBC}") = "CKGen.Temp.AspnetMVC", "CKGen.Temp.AspnetMVC\CKGen.Temp.AspnetMVC.csproj", "{1F3C9CC8-A0F4-4DE3-B257-B7D4CB7FC2FB}"
EndProject
Project("{2150E333-8FDC-42A3-9474-1A3956D46DE8}") = "Base", "Base", "{BF3786C8-0CB5-4D8F-A760-82899C3BBF60}"
EndProject
Project("{2150E333-8FDC-42A3-9474-1A3956D46DE8}") = "Template", "Template", "{BBF7356A-00C1-4796-8307-4C2F94782A3D}"
EndProject
Project("{FAE04EC0-301F-11D3-BF4B-00C04F79EFBC}") = "CKGen.DBLoader", "CKGen.DBLoader\CKGen.DBLoader.csproj", "{838634ED-CA1D-4884-A026-15E9666EAC3B}"
EndProject
Project("{FAE04EC0-301F-11D3-BF4B-00C04F79EFBC}") = "CKGen.Temp.DBDoc", "CKGen.Temp.DBDoc\CKGen.Temp.DBDoc.csproj", "{DC89B60F-C05A-4F7C-B332-C2804AD161C5}"
EndProject
Project("{FAE04EC0-301F-11D3-BF4B-00C04F79EFBC}") = "ConsoleApp", "ConsoleApp\ConsoleApp.csproj", "{80B838C1-8235-45BA-B33F-F096F011B922}"
EndProject
Project("{FAE04EC0-301F-11D3-BF4B-00C04F79EFBC}") = "CKGen.Temp.DataAccess", "CKGen.Temp.DataAccess\CKGen.Temp.DataAccess.csproj", "{6243C3A1-29C0-4901-A46B-CFE8BE6D75F2}"
EndProject
Project("{FAE04EC0-301F-11D3-BF4B-00C04F79EFBC}") = "CKGen.Base", "CKGen.Base\CKGen.Base.csproj", "{727D5837-1DC0-40ED-9AA3-D37C40D3FDB6}"
EndProject
Project("{FAE04EC0-301F-11D3-BF4B-00C04F79EFBC}") = "CKGen.Temp.Adonet", "CKGen.Temp.Adonet\CKGen.Temp.Adonet.csproj", "{876B3437-A905-488A-8B67-B8B222E691BC}"
EndProject
Project("{FAE04EC0-301F-11D3-BF4B-00C04F79EFBC}") = "CKGen.Tools", "CKGen.Tools\CKGen.Tools.csproj", "{D70A38B2-4914-4A9C-9B17-FC849ACBCB53}"
EndProject
Global
	GlobalSection(SolutionConfigurationPlatforms) = preSolution
		Debug|Any CPU = Debug|Any CPU
		Debug|x86 = Debug|x86
		Release|Any CPU = Release|Any CPU
		Release|x86 = Release|x86
	EndGlobalSection
	GlobalSection(ProjectConfigurationPlatforms) = postSolution
		{82E6990C-4AA3-40E4-9F0D-41A929D9B357}.Debug|Any CPU.ActiveCfg = Debug|Any CPU
		{82E6990C-4AA3-40E4-9F0D-41A929D9B357}.Debug|Any CPU.Build.0 = Debug|Any CPU
		{82E6990C-4AA3-40E4-9F0D-41A929D9B357}.Debug|x86.ActiveCfg = Debug|Any CPU
		{82E6990C-4AA3-40E4-9F0D-41A929D9B357}.Debug|x86.Build.0 = Debug|Any CPU
		{82E6990C-4AA3-40E4-9F0D-41A929D9B357}.Release|Any CPU.ActiveCfg = Release|Any CPU
		{82E6990C-4AA3-40E4-9F0D-41A929D9B357}.Release|Any CPU.Build.0 = Release|Any CPU
		{82E6990C-4AA3-40E4-9F0D-41A929D9B357}.Release|x86.ActiveCfg = Release|Any CPU
		{82E6990C-4AA3-40E4-9F0D-41A929D9B357}.Release|x86.Build.0 = Release|Any CPU
		{1F3C9CC8-A0F4-4DE3-B257-B7D4CB7FC2FB}.Debug|Any CPU.ActiveCfg = Debug|Any CPU
		{1F3C9CC8-A0F4-4DE3-B257-B7D4CB7FC2FB}.Debug|Any CPU.Build.0 = Debug|Any CPU
		{1F3C9CC8-A0F4-4DE3-B257-B7D4CB7FC2FB}.Debug|x86.ActiveCfg = Debug|Any CPU
		{1F3C9CC8-A0F4-4DE3-B257-B7D4CB7FC2FB}.Debug|x86.Build.0 = Debug|Any CPU
		{1F3C9CC8-A0F4-4DE3-B257-B7D4CB7FC2FB}.Release|Any CPU.ActiveCfg = Release|Any CPU
		{1F3C9CC8-A0F4-4DE3-B257-B7D4CB7FC2FB}.Release|Any CPU.Build.0 = Release|Any CPU
		{1F3C9CC8-A0F4-4DE3-B257-B7D4CB7FC2FB}.Release|x86.ActiveCfg = Release|Any CPU
		{1F3C9CC8-A0F4-4DE3-B257-B7D4CB7FC2FB}.Release|x86.Build.0 = Release|Any CPU
		{838634ED-CA1D-4884-A026-15E9666EAC3B}.Debug|Any CPU.ActiveCfg = Debug|Any CPU
		{838634ED-CA1D-4884-A026-15E9666EAC3B}.Debug|Any CPU.Build.0 = Debug|Any CPU
		{838634ED-CA1D-4884-A026-15E9666EAC3B}.Debug|x86.ActiveCfg = Debug|x86
		{838634ED-CA1D-4884-A026-15E9666EAC3B}.Debug|x86.Build.0 = Debug|x86
		{838634ED-CA1D-4884-A026-15E9666EAC3B}.Release|Any CPU.ActiveCfg = Release|Any CPU
		{838634ED-CA1D-4884-A026-15E9666EAC3B}.Release|Any CPU.Build.0 = Release|Any CPU
		{838634ED-CA1D-4884-A026-15E9666EAC3B}.Release|x86.ActiveCfg = Release|x86
		{838634ED-CA1D-4884-A026-15E9666EAC3B}.Release|x86.Build.0 = Release|x86
		{DC89B60F-C05A-4F7C-B332-C2804AD161C5}.Debug|Any CPU.ActiveCfg = Debug|Any CPU
		{DC89B60F-C05A-4F7C-B332-C2804AD161C5}.Debug|Any CPU.Build.0 = Debug|Any CPU
		{DC89B60F-C05A-4F7C-B332-C2804AD161C5}.Debug|x86.ActiveCfg = Debug|Any CPU
		{DC89B60F-C05A-4F7C-B332-C2804AD161C5}.Debug|x86.Build.0 = Debug|Any CPU
		{DC89B60F-C05A-4F7C-B332-C2804AD161C5}.Release|Any CPU.ActiveCfg = Release|Any CPU
		{DC89B60F-C05A-4F7C-B332-C2804AD161C5}.Release|Any CPU.Build.0 = Release|Any CPU
		{DC89B60F-C05A-4F7C-B332-C2804AD161C5}.Release|x86.ActiveCfg = Release|Any CPU
		{DC89B60F-C05A-4F7C-B332-C2804AD161C5}.Release|x86.Build.0 = Release|Any CPU
		{80B838C1-8235-45BA-B33F-F096F011B922}.Debug|Any CPU.ActiveCfg = Debug|Any CPU
		{80B838C1-8235-45BA-B33F-F096F011B922}.Debug|Any CPU.Build.0 = Debug|Any CPU
		{80B838C1-8235-45BA-B33F-F096F011B922}.Debug|x86.ActiveCfg = Debug|Any CPU
		{80B838C1-8235-45BA-B33F-F096F011B922}.Debug|x86.Build.0 = Debug|Any CPU
		{80B838C1-8235-45BA-B33F-F096F011B922}.Release|Any CPU.ActiveCfg = Release|Any CPU
		{80B838C1-8235-45BA-B33F-F096F011B922}.Release|Any CPU.Build.0 = Release|Any CPU
		{80B838C1-8235-45BA-B33F-F096F011B922}.Release|x86.ActiveCfg = Release|Any CPU
		{80B838C1-8235-45BA-B33F-F096F011B922}.Release|x86.Build.0 = Release|Any CPU
		{6243C3A1-29C0-4901-A46B-CFE8BE6D75F2}.Debug|Any CPU.ActiveCfg = Debug|Any CPU
		{6243C3A1-29C0-4901-A46B-CFE8BE6D75F2}.Debug|Any CPU.Build.0 = Debug|Any CPU
		{6243C3A1-29C0-4901-A46B-CFE8BE6D75F2}.Debug|x86.ActiveCfg = Debug|Any CPU
		{6243C3A1-29C0-4901-A46B-CFE8BE6D75F2}.Debug|x86.Build.0 = Debug|Any CPU
		{6243C3A1-29C0-4901-A46B-CFE8BE6D75F2}.Release|Any CPU.ActiveCfg = Release|Any CPU
		{6243C3A1-29C0-4901-A46B-CFE8BE6D75F2}.Release|Any CPU.Build.0 = Release|Any CPU
		{6243C3A1-29C0-4901-A46B-CFE8BE6D75F2}.Release|x86.ActiveCfg = Release|Any CPU
		{6243C3A1-29C0-4901-A46B-CFE8BE6D75F2}.Release|x86.Build.0 = Release|Any CPU
		{727D5837-1DC0-40ED-9AA3-D37C40D3FDB6}.Debug|Any CPU.ActiveCfg = Debug|Any CPU
		{727D5837-1DC0-40ED-9AA3-D37C40D3FDB6}.Debug|Any CPU.Build.0 = Debug|Any CPU
		{727D5837-1DC0-40ED-9AA3-D37C40D3FDB6}.Debug|x86.ActiveCfg = Debug|Any CPU
		{727D5837-1DC0-40ED-9AA3-D37C40D3FDB6}.Debug|x86.Build.0 = Debug|Any CPU
		{727D5837-1DC0-40ED-9AA3-D37C40D3FDB6}.Release|Any CPU.ActiveCfg = Release|Any CPU
		{727D5837-1DC0-40ED-9AA3-D37C40D3FDB6}.Release|Any CPU.Build.0 = Release|Any CPU
		{727D5837-1DC0-40ED-9AA3-D37C40D3FDB6}.Release|x86.ActiveCfg = Release|Any CPU
		{727D5837-1DC0-40ED-9AA3-D37C40D3FDB6}.Release|x86.Build.0 = Release|Any CPU
		{876B3437-A905-488A-8B67-B8B222E691BC}.Debug|Any CPU.ActiveCfg = Debug|Any CPU
		{876B3437-A905-488A-8B67-B8B222E691BC}.Debug|Any CPU.Build.0 = Debug|Any CPU
		{876B3437-A905-488A-8B67-B8B222E691BC}.Debug|x86.ActiveCfg = Debug|Any CPU
		{876B3437-A905-488A-8B67-B8B222E691BC}.Debug|x86.Build.0 = Debug|Any CPU
		{876B3437-A905-488A-8B67-B8B222E691BC}.Release|Any CPU.ActiveCfg = Release|Any CPU
		{876B3437-A905-488A-8B67-B8B222E691BC}.Release|Any CPU.Build.0 = Release|Any CPU
		{876B3437-A905-488A-8B67-B8B222E691BC}.Release|x86.ActiveCfg = Release|Any CPU
		{876B3437-A905-488A-8B67-B8B222E691BC}.Release|x86.Build.0 = Release|Any CPU
		{D70A38B2-4914-4A9C-9B17-FC849ACBCB53}.Debug|Any CPU.ActiveCfg = Debug|Any CPU
		{D70A38B2-4914-4A9C-9B17-FC849ACBCB53}.Debug|Any CPU.Build.0 = Debug|Any CPU
		{D70A38B2-4914-4A9C-9B17-FC849ACBCB53}.Debug|x86.ActiveCfg = Debug|Any CPU
		{D70A38B2-4914-4A9C-9B17-FC849ACBCB53}.Debug|x86.Build.0 = Debug|Any CPU
		{D70A38B2-4914-4A9C-9B17-FC849ACBCB53}.Release|Any CPU.ActiveCfg = Release|Any CPU
		{D70A38B2-4914-4A9C-9B17-FC849ACBCB53}.Release|Any CPU.Build.0 = Release|Any CPU
		{D70A38B2-4914-4A9C-9B17-FC849ACBCB53}.Release|x86.ActiveCfg = Release|Any CPU
		{D70A38B2-4914-4A9C-9B17-FC849ACBCB53}.Release|x86.Build.0 = Release|Any CPU
	EndGlobalSection
	GlobalSection(SolutionProperties) = preSolution
		HideSolutionNode = FALSE
	EndGlobalSection
	GlobalSection(NestedProjects) = preSolution
		{1F3C9CC8-A0F4-4DE3-B257-B7D4CB7FC2FB} = {BBF7356A-00C1-4796-8307-4C2F94782A3D}
		{838634ED-CA1D-4884-A026-15E9666EAC3B} = {BF3786C8-0CB5-4D8F-A760-82899C3BBF60}
		{DC89B60F-C05A-4F7C-B332-C2804AD161C5} = {BBF7356A-00C1-4796-8307-4C2F94782A3D}
		{6243C3A1-29C0-4901-A46B-CFE8BE6D75F2} = {BBF7356A-00C1-4796-8307-4C2F94782A3D}
		{727D5837-1DC0-40ED-9AA3-D37C40D3FDB6} = {BF3786C8-0CB5-4D8F-A760-82899C3BBF60}
		{876B3437-A905-488A-8B67-B8B222E691BC} = {BBF7356A-00C1-4796-8307-4C2F94782A3D}
	EndGlobalSection
EndGlobal
